
Microsoft Visual Studio Solution File, Format Version 12.00
# Visual Studio Version 16
VisualStudioVersion = 16.0.29926.136
MinimumVisualStudioVersion = 10.0.40219.1
Project("{FAE04EC0-301F-11D3-BF4B-00C04F79EFBC}") = "MemeService", "MemeService\MemeService.csproj", "{9E2546A1-3E04-4590-BCD0-77A6006715CD}"
EndProject
Global
	GlobalSection(SolutionConfigurationPlatforms) = preSolution
		Debug|Any CPU = Debug|Any CPU
		Release|Any CPU = Release|Any CPU
	EndGlobalSection
	GlobalSection(ProjectConfigurationPlatforms) = postSolution
		{9E2546A1-3E04-4590-BCD0-77A6006715CD}.Debug|Any CPU.ActiveCfg = Debug|Any CPU
		{9E2546A1-3E04-4590-BCD0-77A6006715CD}.Debug|Any CPU.Build.0 = Debug|Any CPU
		{9E2546A1-3E04-4590-BCD0-77A6006715CD}.Release|Any CPU.ActiveCfg = Release|Any CPU
		{9E2546A1-3E04-4590-BCD0-77A6006715CD}.Release|Any CPU.Build.0 = Release|Any CPU
	EndGlobalSection
	GlobalSection(SolutionProperties) = preSolution
		HideSolutionNode = FALSE
	EndGlobalSection
	GlobalSection(ExtensibilityGlobals) = postSolution
		SolutionGuid = {910B810C-8AC8-4579-B447-728249975AD8}
	EndGlobalSection
EndGlobal
